
Microsoft Visual Studio Solution File, Format Version 12.00
# Visual Studio 15
VisualStudioVersion = 15.0.28307.489
MinimumVisualStudioVersion = 10.0.40219.1
Project("{FAE04EC0-301F-11D3-BF4B-00C04F79EFBC}") = "exDefault", "exDefault\exDefault.csproj", "{DDCAABFC-0B74-4DD7-8424-44D440B7AA00}"
EndProject
Global
	GlobalSection(SolutionConfigurationPlatforms) = preSolution
		Debug|Any CPU = Debug|Any CPU
		Release|Any CPU = Release|Any CPU
	EndGlobalSection
	GlobalSection(ProjectConfigurationPlatforms) = postSolution
		{DDCAABFC-0B74-4DD7-8424-44D440B7AA00}.Debug|Any CPU.ActiveCfg = Debug|Any CPU
		{DDCAABFC-0B74-4DD7-8424-44D440B7AA00}.Debug|Any CPU.Build.0 = Debug|Any CPU
		{DDCAABFC-0B74-4DD7-8424-44D440B7AA00}.Release|Any CPU.ActiveCfg = Release|Any CPU
		{DDCAABFC-0B74-4DD7-8424-44D440B7AA00}.Release|Any CPU.Build.0 = Release|Any CPU
	EndGlobalSection
	GlobalSection(SolutionProperties) = preSolution
		HideSolutionNode = FALSE
	EndGlobalSection
	GlobalSection(ExtensibilityGlobals) = postSolution
		SolutionGuid = {FE8E47E3-06F2-49F4-A050-CACFEC371DC3}
	EndGlobalSection
EndGlobal
